
Microsoft Visual Studio Solution File, Format Version 12.00
# Visual Studio Version 17
VisualStudioVersion = 17.5.33209.295
MinimumVisualStudioVersion = 10.0.40219.1
Project("{FAE04EC0-301F-11D3-BF4B-00C04F79EFBC}") = "CookieRunRedeemer", "CookieRunRedeemer.csproj", "{460AF96B-B023-4A85-9711-43D17C07770F}"
EndProject
Global
	GlobalSection(SolutionConfigurationPlatforms) = preSolution
		Debug|Any CPU = Debug|Any CPU
		Release|Any CPU = Release|Any CPU
	EndGlobalSection
	GlobalSection(ProjectConfigurationPlatforms) = postSolution
		{460AF96B-B023-4A85-9711-43D17C07770F}.Debug|Any CPU.ActiveCfg = Debug|Any CPU
		{460AF96B-B023-4A85-9711-43D17C07770F}.Debug|Any CPU.Build.0 = Debug|Any CPU
		{460AF96B-B023-4A85-9711-43D17C07770F}.Release|Any CPU.ActiveCfg = Release|Any CPU
		{460AF96B-B023-4A85-9711-43D17C07770F}.Release|Any CPU.Build.0 = Release|Any CPU
	EndGlobalSection
	GlobalSection(SolutionProperties) = preSolution
		HideSolutionNode = FALSE
	EndGlobalSection
	GlobalSection(ExtensibilityGlobals) = postSolution
		SolutionGuid = {8904F84D-CC59-4115-B09F-EC7E9F1C4C8F}
	EndGlobalSection
EndGlobal
